header:
  version: Bedrock
  parent_block: '0000000000000000000000000000000000000000000000000000000000000000'
  slot: 0
  block_root: b5f8787ac23674822414c70eea15d842da38f2e806ede1a73cf7b5cf0277da07
  proof_of_leadership:
    proof: '0000000000000000000000000000000000000000000000000000000000000000000000000000000000000000000000000000000000000000000000000000000000000000000000000000000000000000000000000000000000000000000000000000000000000000000000000000000000000000000000000000000000000000'
    entropy_contribution: '0000000000000000000000000000000000000000000000000000000000000000'
    leader_key: '0000000000000000000000000000000000000000000000000000000000000000'
    voucher_cm: '0000000000000000000000000000000000000000000000000000000000000000'
signature: '00000000000000000000000000000000000000000000000000000000000000000000000000000000000000000000000000000000000000000000000000000000'
transactions:
  - mantle_tx:
      ops:
        - opcode: 0
          payload:
            inputs: [ ]
            outputs:
              - value: 1
                pk: d204000000000000000000000000000000000000000000000000000000000000
              - value: 100
                pk: '2e03b2eff5a45478e7e79668d2a146cf2c5c7925bce927f2b1c67f2ab4fc0d26'
              - value: 1
                pk: ed266e6e887b9b97059dc1aa1b7b2e19b934291753c6336a163fe4ebaa28e717
        - opcode: 17
          payload:
            channel_id: '0000000000000000000000000000000000000000000000000000000000000000'
            inscription: '67656e65736973'
            parent: '0000000000000000000000000000000000000000000000000000000000000000'
            signer: '0000000000000000000000000000000000000000000000000000000000000000'
        - opcode: 32
          payload:
            service_type: BN
            locators: [ ]
            provider_id: '86c8519f00178e9eb1fe5f4247e4bed77d4c9f6da2fb10e8a1fdd7ba6bc79fa0'
            zk_id: '64249c75c2cb813578b75d05b215fc95f67cea5862fff047228183f22e63460e'
            locked_note_id: '0000000000000000000000000000000000000000000000000000000000000000'
    ops_proofs:
      - !Ed25519Sig '00000000000000000000000000000000000000000000000000000000000000000000000000000000000000000000000000000000000000000000000000000000'
      - !Ed25519Sig '00000000000000000000000000000000000000000000000000000000000000000000000000000000000000000000000000000000000000000000000000000000'
      - !Ed25519Sig '00000000000000000000000000000000000000000000000000000000000000000000000000000000000000000000000000000000000000000000000000000000'
